Microsoft Visual Studio Solution File, Format Version 12.00
# Visual Studio 2012
Project("{8BC9CEB8-8B4A-11D0-8D11-00A0C91BC942}") = "htmlsoff", "htmlsoff.vcxproj", "{3061C31A-6CE4-C119-6B1F-D87CD2B173B7}"
	ProjectSection(ProjectDependencies) = postProject
		{A64C8B52-01D0-0F38-2563-94943B347A40} = {A64C8B52-01D0-0F38-2563-94943B347A40}
	EndProjectSection
EndProject
Project("{8BC9CEB8-8B4A-11D0-8D11-00A0C91BC942}") = "xmerge", "xmerge.vcxproj", "{A64C8B52-01D0-0F38-2563-94943B347A40}"
EndProject
Project("{8BC9CEB8-8B4A-11D0-8D11-00A0C91BC942}") = "pocketword", "pocketword.vcxproj", "{305D4A21-8538-4E21-D35F-4D4033E25996}"
	ProjectSection(ProjectDependencies) = postProject
		{A64C8B52-01D0-0F38-2563-94943B347A40} = {A64C8B52-01D0-0F38-2563-94943B347A40}
	EndProjectSection
EndProject
Project("{8BC9CEB8-8B4A-11D0-8D11-00A0C91BC942}") = "activesync", "activesync.vcxproj", "{ACEF50D9-6009-C200-5068-D044C8545CBB}"
	ProjectSection(ProjectDependencies) = postProject
		{A64C8B52-01D0-0F38-2563-94943B347A40} = {A64C8B52-01D0-0F38-2563-94943B347A40}
	EndProjectSection
EndProject
Project("{8BC9CEB8-8B4A-11D0-8D11-00A0C91BC942}") = "bridge", "bridge.vcxproj", "{542BBBFC-D27C-4172-52D6-82249FFCA864}"
	ProjectSection(ProjectDependencies) = postProject
		{A64C8B52-01D0-0F38-2563-94943B347A40} = {A64C8B52-01D0-0F38-2563-94943B347A40}
	EndProjectSection
EndProject
Project("{8BC9CEB8-8B4A-11D0-8D11-00A0C91BC942}") = "pexcel", "pexcel.vcxproj", "{9677F3D1-3387-E996-72C1-8CF700BD4E4D}"
	ProjectSection(ProjectDependencies) = postProject
		{A64C8B52-01D0-0F38-2563-94943B347A40} = {A64C8B52-01D0-0F38-2563-94943B347A40}
	EndProjectSection
EndProject
Project("{8BC9CEB8-8B4A-11D0-8D11-00A0C91BC942}") = "aportisdoc", "aportisdoc.vcxproj", "{CF9B4F3C-D2CD-895F-D3DD-AAD015E85E83}"
	ProjectSection(ProjectDependencies) = postProject
		{A64C8B52-01D0-0F38-2563-94943B347A40} = {A64C8B52-01D0-0F38-2563-94943B347A40}
	EndProjectSection
EndProject
Project("{8BC9CEB8-8B4A-11D0-8D11-00A0C91BC942}") = "util", "util.vcxproj", "{93095259-7121-3FDC-7BDF-15882763AAB7}"
	ProjectSection(ProjectDependencies) = postProject
		{A64C8B52-01D0-0F38-2563-94943B347A40} = {A64C8B52-01D0-0F38-2563-94943B347A40}
	EndProjectSection
EndProject
Project("{8BC9CEB8-8B4A-11D0-8D11-00A0C91BC942}") = "xmerge_deliver", "xmerge_deliver.vcxproj", "{8773E5E6-5F43-8423-B3C2-808D0AE2333A}"
	ProjectSection(ProjectDependencies) = postProject
		{3061C31A-6CE4-C119-6B1F-D87CD2B173B7} = {3061C31A-6CE4-C119-6B1F-D87CD2B173B7}
		{305D4A21-8538-4E21-D35F-4D4033E25996} = {305D4A21-8538-4E21-D35F-4D4033E25996}
		{CF9B4F3C-D2CD-895F-D3DD-AAD015E85E83} = {CF9B4F3C-D2CD-895F-D3DD-AAD015E85E83}
		{A64C8B52-01D0-0F38-2563-94943B347A40} = {A64C8B52-01D0-0F38-2563-94943B347A40}
		{93095259-7121-3FDC-7BDF-15882763AAB7} = {93095259-7121-3FDC-7BDF-15882763AAB7}
		{9677F3D1-3387-E996-72C1-8CF700BD4E4D} = {9677F3D1-3387-E996-72C1-8CF700BD4E4D}
		{ACEF50D9-6009-C200-5068-D044C8545CBB} = {ACEF50D9-6009-C200-5068-D044C8545CBB}
		{542BBBFC-D27C-4172-52D6-82249FFCA864} = {542BBBFC-D27C-4172-52D6-82249FFCA864}
	EndProjectSection
EndProject
Global
	GlobalSection(SolutionConfigurationPlatforms) = preSolution
		Debug|Win32 = Debug|Win32
		Release|Win32 = Release|Win32
	EndGlobalSection
	GlobalSection(ProjectConfigurationPlatforms) = postSolution
		{3061C31A-6CE4-C119-6B1F-D87CD2B173B7}.Debug|Win32.ActiveCfg = Debug|Win32
		{3061C31A-6CE4-C119-6B1F-D87CD2B173B7}.Debug|Win32.Build.0 = Debug|Win32
		{3061C31A-6CE4-C119-6B1F-D87CD2B173B7}.Release|Win32.ActiveCfg = Release|Win32
		{3061C31A-6CE4-C119-6B1F-D87CD2B173B7}.Release|Win32.Build.0 = Release|Win32
		{A64C8B52-01D0-0F38-2563-94943B347A40}.Debug|Win32.ActiveCfg = Debug|Win32
		{A64C8B52-01D0-0F38-2563-94943B347A40}.Debug|Win32.Build.0 = Debug|Win32
		{A64C8B52-01D0-0F38-2563-94943B347A40}.Release|Win32.ActiveCfg = Release|Win32
		{A64C8B52-01D0-0F38-2563-94943B347A40}.Release|Win32.Build.0 = Release|Win32
		{305D4A21-8538-4E21-D35F-4D4033E25996}.Debug|Win32.ActiveCfg = Debug|Win32
		{305D4A21-8538-4E21-D35F-4D4033E25996}.Debug|Win32.Build.0 = Debug|Win32
		{305D4A21-8538-4E21-D35F-4D4033E25996}.Release|Win32.ActiveCfg = Release|Win32
		{305D4A21-8538-4E21-D35F-4D4033E25996}.Release|Win32.Build.0 = Release|Win32
		{ACEF50D9-6009-C200-5068-D044C8545CBB}.Debug|Win32.ActiveCfg = Debug|Win32
		{ACEF50D9-6009-C200-5068-D044C8545CBB}.Debug|Win32.Build.0 = Debug|Win32
		{ACEF50D9-6009-C200-5068-D044C8545CBB}.Release|Win32.ActiveCfg = Release|Win32
		{ACEF50D9-6009-C200-5068-D044C8545CBB}.Release|Win32.Build.0 = Release|Win32
		{542BBBFC-D27C-4172-52D6-82249FFCA864}.Debug|Win32.ActiveCfg = Debug|Win32
		{542BBBFC-D27C-4172-52D6-82249FFCA864}.Debug|Win32.Build.0 = Debug|Win32
		{542BBBFC-D27C-4172-52D6-82249FFCA864}.Release|Win32.ActiveCfg = Release|Win32
		{542BBBFC-D27C-4172-52D6-82249FFCA864}.Release|Win32.Build.0 = Release|Win32
		{9677F3D1-3387-E996-72C1-8CF700BD4E4D}.Debug|Win32.ActiveCfg = Debug|Win32
		{9677F3D1-3387-E996-72C1-8CF700BD4E4D}.Debug|Win32.Build.0 = Debug|Win32
		{9677F3D1-3387-E996-72C1-8CF700BD4E4D}.Release|Win32.ActiveCfg = Release|Win32
		{9677F3D1-3387-E996-72C1-8CF700BD4E4D}.Release|Win32.Build.0 = Release|Win32
		{CF9B4F3C-D2CD-895F-D3DD-AAD015E85E83}.Debug|Win32.ActiveCfg = Debug|Win32
		{CF9B4F3C-D2CD-895F-D3DD-AAD015E85E83}.Debug|Win32.Build.0 = Debug|Win32
		{CF9B4F3C-D2CD-895F-D3DD-AAD015E85E83}.Release|Win32.ActiveCfg = Release|Win32
		{CF9B4F3C-D2CD-895F-D3DD-AAD015E85E83}.Release|Win32.Build.0 = Release|Win32
		{93095259-7121-3FDC-7BDF-15882763AAB7}.Debug|Win32.ActiveCfg = Debug|Win32
		{93095259-7121-3FDC-7BDF-15882763AAB7}.Debug|Win32.Build.0 = Debug|Win32
		{93095259-7121-3FDC-7BDF-15882763AAB7}.Release|Win32.ActiveCfg = Release|Win32
		{93095259-7121-3FDC-7BDF-15882763AAB7}.Release|Win32.Build.0 = Release|Win32
		{8773E5E6-5F43-8423-B3C2-808D0AE2333A}.Debug|Win32.ActiveCfg = Debug|Win32
		{8773E5E6-5F43-8423-B3C2-808D0AE2333A}.Debug|Win32.Build.0 = Debug|Win32
		{8773E5E6-5F43-8423-B3C2-808D0AE2333A}.Release|Win32.ActiveCfg = Debug|Win32
		{8773E5E6-5F43-8423-B3C2-808D0AE2333A}.Release|Win32.Build.0 = Debug|Win32
	EndGlobalSection
	GlobalSection(SolutionProperties) = preSolution
		HideSolutionNode = FALSE
	EndGlobalSection
EndGlobal
