
Microsoft Visual Studio Solution File, Format Version 12.00
# Visual Studio 2012
Project("{339F6A8C-469B-F416-9B3F-9CA41BD44DF5}") = "cppu_prebuild", "cppu_prebuild.vcxproj", "{009E8BD7-F339-3C1E-4AAD-DB66D3AB1A06}"
EndProject
Project("{339F6A8C-469B-F416-9B3F-9CA41BD44DF5}") = "cppu3_dll", "cppu3_dll.vcxproj", "{F4E11041-6E60-A25A-5CB3-97EACD063D74}"
	ProjectSection(ProjectDependencies) = postProject
		{009E8BD7-F339-3C1E-4AAD-DB66D3AB1A06} = {009E8BD7-F339-3C1E-4AAD-DB66D3AB1A06}
	EndProjectSection
EndProject
Project("{339F6A8C-469B-F416-9B3F-9CA41BD44DF5}") = "purpenvhelper3MSC_dll", "purpenvhelper3MSC_dll.vcxproj", "{6EB09D85-8627-6418-DB62-2E6B0E2FF865}"
	ProjectSection(ProjectDependencies) = postProject
		{009E8BD7-F339-3C1E-4AAD-DB66D3AB1A06} = {009E8BD7-F339-3C1E-4AAD-DB66D3AB1A06}
	EndProjectSection
EndProject
Project("{339F6A8C-469B-F416-9B3F-9CA41BD44DF5}") = "unsafe_uno_uno_dll", "unsafe_uno_uno_dll.vcxproj", "{FC885EDB-92C8-0F22-FF79-4CEDBD23D258}"
	ProjectSection(ProjectDependencies) = postProject
		{009E8BD7-F339-3C1E-4AAD-DB66D3AB1A06} = {009E8BD7-F339-3C1E-4AAD-DB66D3AB1A06}
	EndProjectSection
EndProject
Project("{339F6A8C-469B-F416-9B3F-9CA41BD44DF5}") = "affine_uno_uno_dll", "affine_uno_uno_dll.vcxproj", "{47242A29-FA36-9280-B29E-5700479EEF34}"
	ProjectSection(ProjectDependencies) = postProject
		{009E8BD7-F339-3C1E-4AAD-DB66D3AB1A06} = {009E8BD7-F339-3C1E-4AAD-DB66D3AB1A06}
	EndProjectSection
EndProject
Project("{339F6A8C-469B-F416-9B3F-9CA41BD44DF5}") = "log_uno_uno_dll", "log_uno_uno_dll.vcxproj", "{C4364B93-B357-9786-3214-0779CEAA5010}"
	ProjectSection(ProjectDependencies) = postProject
		{009E8BD7-F339-3C1E-4AAD-DB66D3AB1A06} = {009E8BD7-F339-3C1E-4AAD-DB66D3AB1A06}
	EndProjectSection
EndProject
Project("{339F6A8C-469B-F416-9B3F-9CA41BD44DF5}") = "UnsafeBridge_lib", "UnsafeBridge_lib.vcxproj", "{DB3DD920-7D0D-AF92-C6FD-B0ADEBAB28F5}"
	ProjectSection(ProjectDependencies) = postProject
		{009E8BD7-F339-3C1E-4AAD-DB66D3AB1A06} = {009E8BD7-F339-3C1E-4AAD-DB66D3AB1A06}
	EndProjectSection
EndProject
Project("{339F6A8C-469B-F416-9B3F-9CA41BD44DF5}") = "cppu_cppu_lib", "cppu_cppu_lib.vcxproj", "{A4CED55D-5B81-DC56-62A6-73115EF61F0B}"
	ProjectSection(ProjectDependencies) = postProject
		{009E8BD7-F339-3C1E-4AAD-DB66D3AB1A06} = {009E8BD7-F339-3C1E-4AAD-DB66D3AB1A06}
	EndProjectSection
EndProject
Project("{339F6A8C-469B-F416-9B3F-9CA41BD44DF5}") = "cppu_uno_lib", "cppu_uno_lib.vcxproj", "{C88CE10A-6B47-A065-0F13-3B72E8C842B0}"
	ProjectSection(ProjectDependencies) = postProject
		{009E8BD7-F339-3C1E-4AAD-DB66D3AB1A06} = {009E8BD7-F339-3C1E-4AAD-DB66D3AB1A06}
	EndProjectSection
EndProject
Project("{339F6A8C-469B-F416-9B3F-9CA41BD44DF5}") = "cppu_typelib_lib", "cppu_typelib_lib.vcxproj", "{C53275EE-B663-0009-2FBD-BCC412879D96}"
	ProjectSection(ProjectDependencies) = postProject
		{009E8BD7-F339-3C1E-4AAD-DB66D3AB1A06} = {009E8BD7-F339-3C1E-4AAD-DB66D3AB1A06}
	EndProjectSection
EndProject
Project("{339F6A8C-469B-F416-9B3F-9CA41BD44DF5}") = "cppu_threadpool_lib", "cppu_threadpool_lib.vcxproj", "{72F76C85-2D31-68D0-AA1F-846C289A3491}"
	ProjectSection(ProjectDependencies) = postProject
		{009E8BD7-F339-3C1E-4AAD-DB66D3AB1A06} = {009E8BD7-F339-3C1E-4AAD-DB66D3AB1A06}
	EndProjectSection
EndProject
Project("{339F6A8C-469B-F416-9B3F-9CA41BD44DF5}") = "AffineBridge_lib", "AffineBridge_lib.vcxproj", "{B143D218-00FB-0634-328A-A93243D07AD2}"
	ProjectSection(ProjectDependencies) = postProject
		{009E8BD7-F339-3C1E-4AAD-DB66D3AB1A06} = {009E8BD7-F339-3C1E-4AAD-DB66D3AB1A06}
	EndProjectSection
EndProject
Project("{339F6A8C-469B-F416-9B3F-9CA41BD44DF5}") = "LogBridge_lib", "LogBridge_lib.vcxproj", "{F48E58E8-3874-A497-A63B-EA1CCED2183F}"
	ProjectSection(ProjectDependencies) = postProject
		{009E8BD7-F339-3C1E-4AAD-DB66D3AB1A06} = {009E8BD7-F339-3C1E-4AAD-DB66D3AB1A06}
	EndProjectSection
EndProject
Project("{339F6A8C-469B-F416-9B3F-9CA41BD44DF5}") = "helper_purpenv_lib", "helper_purpenv_lib.vcxproj", "{A25E78A0-25C3-D904-8058-5F9FFBDA0877}"
	ProjectSection(ProjectDependencies) = postProject
		{009E8BD7-F339-3C1E-4AAD-DB66D3AB1A06} = {009E8BD7-F339-3C1E-4AAD-DB66D3AB1A06}
	EndProjectSection
EndProject
Project("{339F6A8C-469B-F416-9B3F-9CA41BD44DF5}") = "cppu_deliver", "cppu_deliver.vcxproj", "{E66DAEF1-0923-DE45-E7D7-BFE764421D7C}"
	ProjectSection(ProjectDependencies) = postProject
		{009E8BD7-F339-3C1E-4AAD-DB66D3AB1A06} = {009E8BD7-F339-3C1E-4AAD-DB66D3AB1A06}
		{F4E11041-6E60-A25A-5CB3-97EACD063D74} = {F4E11041-6E60-A25A-5CB3-97EACD063D74}
		{6EB09D85-8627-6418-DB62-2E6B0E2FF865} = {6EB09D85-8627-6418-DB62-2E6B0E2FF865}
		{FC885EDB-92C8-0F22-FF79-4CEDBD23D258} = {FC885EDB-92C8-0F22-FF79-4CEDBD23D258}
		{47242A29-FA36-9280-B29E-5700479EEF34} = {47242A29-FA36-9280-B29E-5700479EEF34}
		{C4364B93-B357-9786-3214-0779CEAA5010} = {C4364B93-B357-9786-3214-0779CEAA5010}
		{DB3DD920-7D0D-AF92-C6FD-B0ADEBAB28F5} = {DB3DD920-7D0D-AF92-C6FD-B0ADEBAB28F5}
		{A4CED55D-5B81-DC56-62A6-73115EF61F0B} = {A4CED55D-5B81-DC56-62A6-73115EF61F0B}
		{C88CE10A-6B47-A065-0F13-3B72E8C842B0} = {C88CE10A-6B47-A065-0F13-3B72E8C842B0}
		{C53275EE-B663-0009-2FBD-BCC412879D96} = {C53275EE-B663-0009-2FBD-BCC412879D96}
		{72F76C85-2D31-68D0-AA1F-846C289A3491} = {72F76C85-2D31-68D0-AA1F-846C289A3491}
		{B143D218-00FB-0634-328A-A93243D07AD2} = {B143D218-00FB-0634-328A-A93243D07AD2}
		{F48E58E8-3874-A497-A63B-EA1CCED2183F} = {F48E58E8-3874-A497-A63B-EA1CCED2183F}
		{A25E78A0-25C3-D904-8058-5F9FFBDA0877} = {A25E78A0-25C3-D904-8058-5F9FFBDA0877}
		{009E8BD7-F339-3C1E-4AAD-DB66D3AB1A06} = {009E8BD7-F339-3C1E-4AAD-DB66D3AB1A06}
	EndProjectSection
EndProject
#Begin Dependencies
Global
	GlobalSection(SolutionConfigurationPlatforms) = preSolution
		Release|Win32 = Release|Win32
	EndGlobalSection
	GlobalSection(ProjectConfigurationPlatforms) = postSolution
		{009E8BD7-F339-3C1E-4AAD-DB66D3AB1A06}.Release|Win32.ActiveCfg = Release|Win32
		{009E8BD7-F339-3C1E-4AAD-DB66D3AB1A06}.Release|Win32.Build.0 = Release|Win32
		{F4E11041-6E60-A25A-5CB3-97EACD063D74}.Release|Win32.ActiveCfg = Release|Win32
		{F4E11041-6E60-A25A-5CB3-97EACD063D74}.Release|Win32.Build.0 = Release|Win32
		{6EB09D85-8627-6418-DB62-2E6B0E2FF865}.Release|Win32.ActiveCfg = Release|Win32
		{6EB09D85-8627-6418-DB62-2E6B0E2FF865}.Release|Win32.Build.0 = Release|Win32
		{FC885EDB-92C8-0F22-FF79-4CEDBD23D258}.Release|Win32.ActiveCfg = Release|Win32
		{FC885EDB-92C8-0F22-FF79-4CEDBD23D258}.Release|Win32.Build.0 = Release|Win32
		{47242A29-FA36-9280-B29E-5700479EEF34}.Release|Win32.ActiveCfg = Release|Win32
		{47242A29-FA36-9280-B29E-5700479EEF34}.Release|Win32.Build.0 = Release|Win32
		{C4364B93-B357-9786-3214-0779CEAA5010}.Release|Win32.ActiveCfg = Release|Win32
		{C4364B93-B357-9786-3214-0779CEAA5010}.Release|Win32.Build.0 = Release|Win32
		{DB3DD920-7D0D-AF92-C6FD-B0ADEBAB28F5}.Release|Win32.ActiveCfg = Release|Win32
		{DB3DD920-7D0D-AF92-C6FD-B0ADEBAB28F5}.Release|Win32.Build.0 = Release|Win32
		{A4CED55D-5B81-DC56-62A6-73115EF61F0B}.Release|Win32.ActiveCfg = Release|Win32
		{A4CED55D-5B81-DC56-62A6-73115EF61F0B}.Release|Win32.Build.0 = Release|Win32
		{C88CE10A-6B47-A065-0F13-3B72E8C842B0}.Release|Win32.ActiveCfg = Release|Win32
		{C88CE10A-6B47-A065-0F13-3B72E8C842B0}.Release|Win32.Build.0 = Release|Win32
		{C53275EE-B663-0009-2FBD-BCC412879D96}.Release|Win32.ActiveCfg = Release|Win32
		{C53275EE-B663-0009-2FBD-BCC412879D96}.Release|Win32.Build.0 = Release|Win32
		{72F76C85-2D31-68D0-AA1F-846C289A3491}.Release|Win32.ActiveCfg = Release|Win32
		{72F76C85-2D31-68D0-AA1F-846C289A3491}.Release|Win32.Build.0 = Release|Win32
		{B143D218-00FB-0634-328A-A93243D07AD2}.Release|Win32.ActiveCfg = Release|Win32
		{B143D218-00FB-0634-328A-A93243D07AD2}.Release|Win32.Build.0 = Release|Win32
		{F48E58E8-3874-A497-A63B-EA1CCED2183F}.Release|Win32.ActiveCfg = Release|Win32
		{F48E58E8-3874-A497-A63B-EA1CCED2183F}.Release|Win32.Build.0 = Release|Win32
		{A25E78A0-25C3-D904-8058-5F9FFBDA0877}.Release|Win32.ActiveCfg = Release|Win32
		{A25E78A0-25C3-D904-8058-5F9FFBDA0877}.Release|Win32.Build.0 = Release|Win32
		{E66DAEF1-0923-DE45-E7D7-BFE764421D7C}.Release|Win32.ActiveCfg = Release|Win32
		{E66DAEF1-0923-DE45-E7D7-BFE764421D7C}.Release|Win32.Build.0 = Release|Win32
EndGlobalSection
	GlobalSection(SolutionProperties) = preSolution
		HideSolutionNode = FALSE
	EndGlobalSection
GlobalSection(NestedProjects) = preSolution
EndGlobal
