
Microsoft Visual Studio Solution File, Format Version 12.00
# Visual Studio 2012
Project("{43D4D8DC-599A-8516-CB72-15939661F3FB}") = "wrap_scanner", "wrap_scanner.vcxproj", "{1BFB5B4B-1BB9-69C5-F764-A0F2569F0D29}"
EndProject
Global
	GlobalSection(SolutionConfigurationPlatforms) = preSolution
		Release|Win32 = Release|Win32
	EndGlobalSection
	GlobalSection(ProjectConfigurationPlatforms) = postSolution
		{1BFB5B4B-1BB9-69C5-F764-A0F2569F0D29}.Release|Win32.ActiveCfg = Release|Win32
		{1BFB5B4B-1BB9-69C5-F764-A0F2569F0D29}.Release|Win32.Build.0 = Release|Win32
EndGlobalSection
	GlobalSection(SolutionProperties) = preSolution
		HideSolutionNode = FALSE
	EndGlobalSection
EndGlobal

