Microsoft Visual Studio Solution File, Format Version 12.00
# Visual Studio 2012
Project("{8BC9CEB8-8B4A-11D0-8D11-00A0C91BC942}") = "oox_prebuild", "oox_prebuild.vcxproj", "{69B961BF-774B-48C2-9A2A-8CE34A1F186C}"
EndProject
Project("{8BC9CEB8-8B4A-11D0-8D11-00A0C91BC942}") = "oox_dll", "oox_dll.vcxproj", "{450DAE41-E0F8-4BD8-952D-D0E09A376481}"
	ProjectSection(ProjectDependencies) = postProject
		{730BCA36-2649-4E77-F706-3E471E823733} = {730BCA36-2649-4E77-F706-3E471E823733}
		{7128AF42-8A92-3325-32DE-F8747477F237} = {7128AF42-8A92-3325-32DE-F8747477F237}
		{E696545A-06CE-985D-F0C5-3D2D9CB204F8} = {E696545A-06CE-985D-F0C5-3D2D9CB204F8}
		{7F184D6F-0AF9-0117-88C9-1ABC65DBDEC3} = {7F184D6F-0AF9-0117-88C9-1ABC65DBDEC3}
		{8C7F9E72-8C4B-24FC-4632-840B9981E3A6} = {8C7F9E72-8C4B-24FC-4632-840B9981E3A6}
		{A7020C82-1103-13A5-FFE9-7F9EB0EA9B15} = {A7020C82-1103-13A5-FFE9-7F9EB0EA9B15}
		{12E1E086-0EF1-0F5E-221D-D74CEFAA2354} = {12E1E086-0EF1-0F5E-221D-D74CEFAA2354}
		{B6C36587-5A92-F2D7-41FD-84C247798E61} = {B6C36587-5A92-F2D7-41FD-84C247798E61}
		{B0B8C18A-5816-B7FF-C553-89EC8B961D0A} = {B0B8C18A-5816-B7FF-C553-89EC8B961D0A}
		{324580B9-632C-DDDA-63A0-117BCF9AF51E} = {324580B9-632C-DDDA-63A0-117BCF9AF51E}
		{69B961BF-774B-48C2-9A2A-8CE34A1F186C} = {69B961BF-774B-48C2-9A2A-8CE34A1F186C}
		{FE70B8C2-710A-998C-7EE4-7C7386F45C8E} = {FE70B8C2-710A-998C-7EE4-7C7386F45C8E}
		{6D0FD6D2-511F-8B39-27E9-6638366B2032} = {6D0FD6D2-511F-8B39-27E9-6638366B2032}
		{05A7FBD4-87A3-589C-102F-EBFB9846A4D2} = {05A7FBD4-87A3-589C-102F-EBFB9846A4D2}
		{ABE415D7-A14E-7C4D-CEB6-BE58BA2AF788} = {ABE415D7-A14E-7C4D-CEB6-BE58BA2AF788}
		{D33F0DE7-49ED-7332-BBAE-EDA30A1B819A} = {D33F0DE7-49ED-7332-BBAE-EDA30A1B819A}
	EndProjectSection
EndProject
Project("{8BC9CEB8-8B4A-11D0-8D11-00A0C91BC942}") = "token_lib", "token_lib.vcxproj", "{8C7F9E72-8C4B-24FC-4632-840B9981E3A6}"
	ProjectSection(ProjectDependencies) = postProject
		{69B961BF-774B-48C2-9A2A-8CE34A1F186C} = {69B961BF-774B-48C2-9A2A-8CE34A1F186C}
	EndProjectSection
EndProject
Project("{8BC9CEB8-8B4A-11D0-8D11-00A0C91BC942}") = "xls_lib", "xls_lib.vcxproj", "{FE70B8C2-710A-998C-7EE4-7C7386F45C8E}"
	ProjectSection(ProjectDependencies) = postProject
		{69B961BF-774B-48C2-9A2A-8CE34A1F186C} = {69B961BF-774B-48C2-9A2A-8CE34A1F186C}
	EndProjectSection
EndProject
Project("{8BC9CEB8-8B4A-11D0-8D11-00A0C91BC942}") = "chart_lib", "chart_lib.vcxproj", "{12E1E086-0EF1-0F5E-221D-D74CEFAA2354}"
	ProjectSection(ProjectDependencies) = postProject
		{69B961BF-774B-48C2-9A2A-8CE34A1F186C} = {69B961BF-774B-48C2-9A2A-8CE34A1F186C}
	EndProjectSection
EndProject
Project("{8BC9CEB8-8B4A-11D0-8D11-00A0C91BC942}") = "helper_lib", "helper_lib.vcxproj", "{6D0FD6D2-511F-8B39-27E9-6638366B2032}"
	ProjectSection(ProjectDependencies) = postProject
		{69B961BF-774B-48C2-9A2A-8CE34A1F186C} = {69B961BF-774B-48C2-9A2A-8CE34A1F186C}
	EndProjectSection
EndProject
Project("{8BC9CEB8-8B4A-11D0-8D11-00A0C91BC942}") = "docprop_lib", "docprop_lib.vcxproj", "{7F184D6F-0AF9-0117-88C9-1ABC65DBDEC3}"
	ProjectSection(ProjectDependencies) = postProject
		{69B961BF-774B-48C2-9A2A-8CE34A1F186C} = {69B961BF-774B-48C2-9A2A-8CE34A1F186C}
	EndProjectSection
EndProject
Project("{8BC9CEB8-8B4A-11D0-8D11-00A0C91BC942}") = "vml_lib", "vml_lib.vcxproj", "{B0B8C18A-5816-B7FF-C553-89EC8B961D0A}"
	ProjectSection(ProjectDependencies) = postProject
		{69B961BF-774B-48C2-9A2A-8CE34A1F186C} = {69B961BF-774B-48C2-9A2A-8CE34A1F186C}
	EndProjectSection
EndProject
Project("{8BC9CEB8-8B4A-11D0-8D11-00A0C91BC942}") = "drawingml_lib", "drawingml_lib.vcxproj", "{E696545A-06CE-985D-F0C5-3D2D9CB204F8}"
	ProjectSection(ProjectDependencies) = postProject
		{69B961BF-774B-48C2-9A2A-8CE34A1F186C} = {69B961BF-774B-48C2-9A2A-8CE34A1F186C}
	EndProjectSection
EndProject
Project("{8BC9CEB8-8B4A-11D0-8D11-00A0C91BC942}") = "dump_lib", "dump_lib.vcxproj", "{B6C36587-5A92-F2D7-41FD-84C247798E61}"
	ProjectSection(ProjectDependencies) = postProject
		{69B961BF-774B-48C2-9A2A-8CE34A1F186C} = {69B961BF-774B-48C2-9A2A-8CE34A1F186C}
	EndProjectSection
EndProject
Project("{8BC9CEB8-8B4A-11D0-8D11-00A0C91BC942}") = "shape_lib", "shape_lib.vcxproj", "{A7020C82-1103-13A5-FFE9-7F9EB0EA9B15}"
	ProjectSection(ProjectDependencies) = postProject
		{69B961BF-774B-48C2-9A2A-8CE34A1F186C} = {69B961BF-774B-48C2-9A2A-8CE34A1F186C}
	EndProjectSection
EndProject
Project("{8BC9CEB8-8B4A-11D0-8D11-00A0C91BC942}") = "table_lib", "table_lib.vcxproj", "{7128AF42-8A92-3325-32DE-F8747477F237}"
	ProjectSection(ProjectDependencies) = postProject
		{69B961BF-774B-48C2-9A2A-8CE34A1F186C} = {69B961BF-774B-48C2-9A2A-8CE34A1F186C}
	EndProjectSection
EndProject
Project("{8BC9CEB8-8B4A-11D0-8D11-00A0C91BC942}") = "ole_lib", "ole_lib.vcxproj", "{D33F0DE7-49ED-7332-BBAE-EDA30A1B819A}"
	ProjectSection(ProjectDependencies) = postProject
		{69B961BF-774B-48C2-9A2A-8CE34A1F186C} = {69B961BF-774B-48C2-9A2A-8CE34A1F186C}
	EndProjectSection
EndProject
Project("{8BC9CEB8-8B4A-11D0-8D11-00A0C91BC942}") = "ppt_lib", "ppt_lib.vcxproj", "{05A7FBD4-87A3-589C-102F-EBFB9846A4D2}"
	ProjectSection(ProjectDependencies) = postProject
		{69B961BF-774B-48C2-9A2A-8CE34A1F186C} = {69B961BF-774B-48C2-9A2A-8CE34A1F186C}
	EndProjectSection
EndProject
Project("{8BC9CEB8-8B4A-11D0-8D11-00A0C91BC942}") = "core_lib", "core_lib.vcxproj", "{ABE415D7-A14E-7C4D-CEB6-BE58BA2AF788}"
	ProjectSection(ProjectDependencies) = postProject
		{69B961BF-774B-48C2-9A2A-8CE34A1F186C} = {69B961BF-774B-48C2-9A2A-8CE34A1F186C}
	EndProjectSection
EndProject
Project("{8BC9CEB8-8B4A-11D0-8D11-00A0C91BC942}") = "diagram_lib", "diagram_lib.vcxproj", "{730BCA36-2649-4E77-F706-3E471E823733}"
	ProjectSection(ProjectDependencies) = postProject
		{69B961BF-774B-48C2-9A2A-8CE34A1F186C} = {69B961BF-774B-48C2-9A2A-8CE34A1F186C}
	EndProjectSection
EndProject
Project("{8BC9CEB8-8B4A-11D0-8D11-00A0C91BC942}") = "oox_lib", "oox_lib.vcxproj", "{324580B9-632C-DDDA-63A0-117BCF9AF51E}"
	ProjectSection(ProjectDependencies) = postProject
		{69B961BF-774B-48C2-9A2A-8CE34A1F186C} = {69B961BF-774B-48C2-9A2A-8CE34A1F186C}
	EndProjectSection
EndProject
Project("{8BC9CEB8-8B4A-11D0-8D11-00A0C91BC942}") = "oox_deliver", "oox_deliver.vcxproj", "{93CC5446-1BF9-9E3B-AFB9-D4C731E540D8}"
	ProjectSection(ProjectDependencies) = postProject
		{730BCA36-2649-4E77-F706-3E471E823733} = {730BCA36-2649-4E77-F706-3E471E823733}
		{450DAE41-E0F8-4BD8-952D-D0E09A376481} = {450DAE41-E0F8-4BD8-952D-D0E09A376481}
		{7128AF42-8A92-3325-32DE-F8747477F237} = {7128AF42-8A92-3325-32DE-F8747477F237}
		{E696545A-06CE-985D-F0C5-3D2D9CB204F8} = {E696545A-06CE-985D-F0C5-3D2D9CB204F8}
		{7F184D6F-0AF9-0117-88C9-1ABC65DBDEC3} = {7F184D6F-0AF9-0117-88C9-1ABC65DBDEC3}
		{8C7F9E72-8C4B-24FC-4632-840B9981E3A6} = {8C7F9E72-8C4B-24FC-4632-840B9981E3A6}
		{A7020C82-1103-13A5-FFE9-7F9EB0EA9B15} = {A7020C82-1103-13A5-FFE9-7F9EB0EA9B15}
		{12E1E086-0EF1-0F5E-221D-D74CEFAA2354} = {12E1E086-0EF1-0F5E-221D-D74CEFAA2354}
		{B6C36587-5A92-F2D7-41FD-84C247798E61} = {B6C36587-5A92-F2D7-41FD-84C247798E61}
		{B0B8C18A-5816-B7FF-C553-89EC8B961D0A} = {B0B8C18A-5816-B7FF-C553-89EC8B961D0A}
		{324580B9-632C-DDDA-63A0-117BCF9AF51E} = {324580B9-632C-DDDA-63A0-117BCF9AF51E}
		{69B961BF-774B-48C2-9A2A-8CE34A1F186C} = {69B961BF-774B-48C2-9A2A-8CE34A1F186C}
		{FE70B8C2-710A-998C-7EE4-7C7386F45C8E} = {FE70B8C2-710A-998C-7EE4-7C7386F45C8E}
		{6D0FD6D2-511F-8B39-27E9-6638366B2032} = {6D0FD6D2-511F-8B39-27E9-6638366B2032}
		{05A7FBD4-87A3-589C-102F-EBFB9846A4D2} = {05A7FBD4-87A3-589C-102F-EBFB9846A4D2}
		{ABE415D7-A14E-7C4D-CEB6-BE58BA2AF788} = {ABE415D7-A14E-7C4D-CEB6-BE58BA2AF788}
		{D33F0DE7-49ED-7332-BBAE-EDA30A1B819A} = {D33F0DE7-49ED-7332-BBAE-EDA30A1B819A}
	EndProjectSection
EndProject
Global
	GlobalSection(SolutionConfigurationPlatforms) = preSolution
		Release|Win32 = Release|Win32
	EndGlobalSection
	GlobalSection(ProjectConfigurationPlatforms) = postSolution
		{69B961BF-774B-48C2-9A2A-8CE34A1F186C}.Release|Win32.ActiveCfg = Release|Win32
		{69B961BF-774B-48C2-9A2A-8CE34A1F186C}.Release|Win32.Build.0 = Release|Win32
		{450DAE41-E0F8-4BD8-952D-D0E09A376481}.Release|Win32.ActiveCfg = Release|Win32
		{450DAE41-E0F8-4BD8-952D-D0E09A376481}.Release|Win32.Build.0 = Release|Win32
		{8C7F9E72-8C4B-24FC-4632-840B9981E3A6}.Release|Win32.ActiveCfg = Release|Win32
		{8C7F9E72-8C4B-24FC-4632-840B9981E3A6}.Release|Win32.Build.0 = Release|Win32
		{FE70B8C2-710A-998C-7EE4-7C7386F45C8E}.Release|Win32.ActiveCfg = Release|Win32
		{FE70B8C2-710A-998C-7EE4-7C7386F45C8E}.Release|Win32.Build.0 = Release|Win32
		{12E1E086-0EF1-0F5E-221D-D74CEFAA2354}.Release|Win32.ActiveCfg = Release|Win32
		{12E1E086-0EF1-0F5E-221D-D74CEFAA2354}.Release|Win32.Build.0 = Release|Win32
		{6D0FD6D2-511F-8B39-27E9-6638366B2032}.Release|Win32.ActiveCfg = Release|Win32
		{6D0FD6D2-511F-8B39-27E9-6638366B2032}.Release|Win32.Build.0 = Release|Win32
		{7F184D6F-0AF9-0117-88C9-1ABC65DBDEC3}.Release|Win32.ActiveCfg = Release|Win32
		{7F184D6F-0AF9-0117-88C9-1ABC65DBDEC3}.Release|Win32.Build.0 = Release|Win32
		{B0B8C18A-5816-B7FF-C553-89EC8B961D0A}.Release|Win32.ActiveCfg = Release|Win32
		{B0B8C18A-5816-B7FF-C553-89EC8B961D0A}.Release|Win32.Build.0 = Release|Win32
		{E696545A-06CE-985D-F0C5-3D2D9CB204F8}.Release|Win32.ActiveCfg = Release|Win32
		{E696545A-06CE-985D-F0C5-3D2D9CB204F8}.Release|Win32.Build.0 = Release|Win32
		{B6C36587-5A92-F2D7-41FD-84C247798E61}.Release|Win32.ActiveCfg = Release|Win32
		{B6C36587-5A92-F2D7-41FD-84C247798E61}.Release|Win32.Build.0 = Release|Win32
		{A7020C82-1103-13A5-FFE9-7F9EB0EA9B15}.Release|Win32.ActiveCfg = Release|Win32
		{A7020C82-1103-13A5-FFE9-7F9EB0EA9B15}.Release|Win32.Build.0 = Release|Win32
		{7128AF42-8A92-3325-32DE-F8747477F237}.Release|Win32.ActiveCfg = Release|Win32
		{7128AF42-8A92-3325-32DE-F8747477F237}.Release|Win32.Build.0 = Release|Win32
		{D33F0DE7-49ED-7332-BBAE-EDA30A1B819A}.Release|Win32.ActiveCfg = Release|Win32
		{D33F0DE7-49ED-7332-BBAE-EDA30A1B819A}.Release|Win32.Build.0 = Release|Win32
		{05A7FBD4-87A3-589C-102F-EBFB9846A4D2}.Release|Win32.ActiveCfg = Release|Win32
		{05A7FBD4-87A3-589C-102F-EBFB9846A4D2}.Release|Win32.Build.0 = Release|Win32
		{ABE415D7-A14E-7C4D-CEB6-BE58BA2AF788}.Release|Win32.ActiveCfg = Release|Win32
		{ABE415D7-A14E-7C4D-CEB6-BE58BA2AF788}.Release|Win32.Build.0 = Release|Win32
		{730BCA36-2649-4E77-F706-3E471E823733}.Release|Win32.ActiveCfg = Release|Win32
		{730BCA36-2649-4E77-F706-3E471E823733}.Release|Win32.Build.0 = Release|Win32
		{324580B9-632C-DDDA-63A0-117BCF9AF51E}.Release|Win32.ActiveCfg = Release|Win32
		{324580B9-632C-DDDA-63A0-117BCF9AF51E}.Release|Win32.Build.0 = Release|Win32
		{93CC5446-1BF9-9E3B-AFB9-D4C731E540D8}.Release|Win32.ActiveCfg = Release|Win32
		{93CC5446-1BF9-9E3B-AFB9-D4C731E540D8}.Release|Win32.Build.0 = Release|Win32
	EndGlobalSection
	GlobalSection(SolutionProperties) = preSolution
		HideSolutionNode = FALSE
	EndGlobalSection
EndGlobal
